<Solution>
  <Folder Name="/src/">
    <Project Path="src/XiPHiAS.GridTag.Core/XiPHiAS.GridTag.Core.csproj" />
    <Project Path="src/XiPHiAS.GridTag.Vision/XiPHiAS.GridTag.Vision.csproj" />
    <Project Path="src/XiPHiAS.GridTag.Cli/XiPHiAS.GridTag.Cli.csproj" />
    <Project Path="src/XiPHiAS.GridTag.Review/XiPHiAS.GridTag.Review.csproj" />
  </Folder>
  <Folder Name="/tests/">
    <Project Path="tests/XiPHiAS.GridTag.Cli.Tests/XiPHiAS.GridTag.Cli.Tests.csproj" />
    <Project Path="tests/XiPHiAS.GridTag.Core.Tests/XiPHiAS.GridTag.Core.Tests.csproj" />
  </Folder>
</Solution>
